
Microsoft Visual Studio Solution File, Format Version 12.00
# Visual Studio Version 16
VisualStudioVersion = 16.0.30907.101
MinimumVisualStudioVersion = 10.0.40219.1
Project("{FAE04EC0-301F-11D3-BF4B-00C04F79EFBC}") = "PharmacySystem", "PharmacySystem.csproj", "{123A9308-8CB5-4BF0-9ABE-94F0ACC6CD75}"
EndProject
Global
	GlobalSection(SolutionConfigurationPlatforms) = preSolution
		Debug|Any CPU = Debug|Any CPU
		Release|Any CPU = Release|Any CPU
	EndGlobalSection
	GlobalSection(ProjectConfigurationPlatforms) = postSolution
		{123A9308-8CB5-4BF0-9ABE-94F0ACC6CD75}.Debug|Any CPU.ActiveCfg = Debug|Any CPU
		{123A9308-8CB5-4BF0-9ABE-94F0ACC6CD75}.Debug|Any CPU.Build.0 = Debug|Any CPU
		{123A9308-8CB5-4BF0-9ABE-94F0ACC6CD75}.Release|Any CPU.ActiveCfg = Release|Any CPU
		{123A9308-8CB5-4BF0-9ABE-94F0ACC6CD75}.Release|Any CPU.Build.0 = Release|Any CPU
	EndGlobalSection
	GlobalSection(SolutionProperties) = preSolution
		HideSolutionNode = FALSE
	EndGlobalSection
	GlobalSection(ExtensibilityGlobals) = postSolution
		SolutionGuid = {8CFB027B-C391-4635-88E0-645FD488BCD6}
	EndGlobalSection
EndGlobal
